# This file is autogenerated, do not edit; changes may be undone by the next 'dep ensure'.


[[projects]]
  name = "github.com/gographics/gmagick"
  packages = [
    ".",
    "types"
  ]
  revision = "6aafcccbf1fa55b3d438954e4033e4b4ddb71d35"
  version = "v1.0.0"

[[projects]]
  name = "github.com/klauspost/compress"
  packages = [
    "flate",
    "gzip",
    "zlib"
  ]
  revision = "438db640fd672278e44bb9bec0b979358e7e9c76"
  version = "v1.9.4"

[[projects]]
  name = "github.com/valyala/bytebufferpool"
  packages = ["."]
  revision = "e746df99fe4a3986f4d4f79e13c1e0117ce9c2f7"
  version = "v1.0.0"

[[projects]]
  name = "github.com/valyala/fasthttp"
  packages = [
    ".",
    "fasthttputil",
    "reuseport",
    "stackless"
  ]
  revision = "e5f51c11919d4f66400334047b897ef0a94c6f3c"
  version = "v20180529"

[[projects]]
  branch = "master"
  name = "github.com/valyala/tcplisten"
  packages = ["."]
  revision = "ceec8f93295a060cdb565ec25e4ccf17941dbd55"

[[projects]]
  name = "gopkg.in/h2non/bimg.v1"
  packages = ["."]
  revision = "4b9abdb945893c295f0e58b6803102f23e061ad0"
  version = "v1.0.19"

[[projects]]
  branch = "v1.0"
  name = "gopkg.in/tokopedia/grace.v1"
  packages = ["."]
  revision = "f3242e67d9aab49fd51bc85b5a87460080243fbb"

[[projects]]
  name = "gopkg.in/tylerb/graceful.v1"
  packages = ["."]
  revision = "4654dfbb6ad53cb5e27f37d99b02e16c1872fbbb"
  version = "v1.2.15"

[solve-meta]
  analyzer-name = "dep"
  analyzer-version = 1
  inputs-digest = "31a7d856bddff4a3234f0e70a30c9e9c7ef0281ede2cce1ad18a92c906d4174b"
  solver-name = "gps-cdcl"
  solver-version = 1
